
Microsoft Visual Studio Solution File, Format Version 12.00
# Visual Studio 2013
VisualStudioVersion = 12.0.31101.0
MinimumVisualStudioVersion = 10.0.40219.1
Project("{FAE04EC0-301F-11D3-BF4B-00C04F79EFBC}") = "Akka4Net", "Akka4Net\Akka4Net.csproj", "{927ACBE1-C41C-45D4-A9AD-47F3760642C2}"
EndProject
Project("{FAE04EC0-301F-11D3-BF4B-00C04F79EFBC}") = "Akka4Net.Client", "Akka4Net.Client\Akka4Net.Client.csproj", "{479399F1-8626-449C-B083-87DF1B415A97}"
EndProject
Project("{FAE04EC0-301F-11D3-BF4B-00C04F79EFBC}") = "Akka4Net.Server", "Akka4Net.Server\Akka4Net.Server.csproj", "{7567A64C-98D3-476F-9909-741607E383CB}"
EndProject
Project("{FAE04EC0-301F-11D3-BF4B-00C04F79EFBC}") = "Akka4NET.Common", "Akka4NET.Common\Akka4NET.Common.csproj", "{3CBE645D-B83F-4415-8876-3C325C96249C}"
EndProject
Global
	GlobalSection(SolutionConfigurationPlatforms) = preSolution
		Debug|Any CPU = Debug|Any CPU
		Release|Any CPU = Release|Any CPU
	EndGlobalSection
	GlobalSection(ProjectConfigurationPlatforms) = postSolution
		{927ACBE1-C41C-45D4-A9AD-47F3760642C2}.Debug|Any CPU.ActiveCfg = Debug|Any CPU
		{927ACBE1-C41C-45D4-A9AD-47F3760642C2}.Debug|Any CPU.Build.0 = Debug|Any CPU
		{927ACBE1-C41C-45D4-A9AD-47F3760642C2}.Release|Any CPU.ActiveCfg = Release|Any CPU
		{927ACBE1-C41C-45D4-A9AD-47F3760642C2}.Release|Any CPU.Build.0 = Release|Any CPU
		{479399F1-8626-449C-B083-87DF1B415A97}.Debug|Any CPU.ActiveCfg = Debug|Any CPU
		{479399F1-8626-449C-B083-87DF1B415A97}.Debug|Any CPU.Build.0 = Debug|Any CPU
		{479399F1-8626-449C-B083-87DF1B415A97}.Release|Any CPU.ActiveCfg = Release|Any CPU
		{479399F1-8626-449C-B083-87DF1B415A97}.Release|Any CPU.Build.0 = Release|Any CPU
		{7567A64C-98D3-476F-9909-741607E383CB}.Debug|Any CPU.ActiveCfg = Debug|Any CPU
		{7567A64C-98D3-476F-9909-741607E383CB}.Debug|Any CPU.Build.0 = Debug|Any CPU
		{7567A64C-98D3-476F-9909-741607E383CB}.Release|Any CPU.ActiveCfg = Release|Any CPU
		{7567A64C-98D3-476F-9909-741607E383CB}.Release|Any CPU.Build.0 = Release|Any CPU
		{3CBE645D-B83F-4415-8876-3C325C96249C}.Debug|Any CPU.ActiveCfg = Debug|Any CPU
		{3CBE645D-B83F-4415-8876-3C325C96249C}.Debug|Any CPU.Build.0 = Debug|Any CPU
		{3CBE645D-B83F-4415-8876-3C325C96249C}.Release|Any CPU.ActiveCfg = Release|Any CPU
		{3CBE645D-B83F-4415-8876-3C325C96249C}.Release|Any CPU.Build.0 = Release|Any CPU
	EndGlobalSection
	GlobalSection(SolutionProperties) = preSolution
		HideSolutionNode = FALSE
	EndGlobalSection
EndGlobal
